github.com/dbabiak/dbgo v0.0.0-20201206203048-2cd19b210a86 h1:RGB3Fr3f+XriF2fEFYDLAT+xnH+Vr2g4qnUex+nHxEc=
github.com/dbabiak/dbgo v0.0.0-20201206203048-2cd19b210a86/go.mod h1:3CJ4bMTPvaZJ6oKkLm9yoUpfOVBPMtk4slohPOYRrsA=
github.com/dbabiak/dbgo v0.0.0-20201206203618-09277dd8e4da h1:4G5g0CFkuGMQMbYvLDzJa1dPSV7j1gyBkQinmj+SNGI=
github.com/dbabiak/dbgo v0.0.0-20201206203618-09277dd8e4da/go.mod h1:3CJ4bMTPvaZJ6oKkLm9yoUpfOVBPMtk4slohPOYRrsA=
